
Microsoft Visual Studio Solution File, Format Version 12.00
# Visual Studio Version 17
VisualStudioVersion = 17.1.32319.34
MinimumVisualStudioVersion = 10.0.40219.1
Project("{FAE04EC0-301F-11D3-BF4B-00C04F79EFBC}") = "FiapHelloWord", "FiapHelloWord\FiapHelloWord.csproj", "{71381A81-D1A5-42DC-BA3D-8DF6F4A099A0}"
EndProject
Global
	GlobalSection(SolutionConfigurationPlatforms) = preSolution
		Debug|Any CPU = Debug|Any CPU
		Release|Any CPU = Release|Any CPU
	EndGlobalSection
	GlobalSection(ProjectConfigurationPlatforms) = postSolution
		{71381A81-D1A5-42DC-BA3D-8DF6F4A099A0}.Debug|Any CPU.ActiveCfg = Debug|Any CPU
		{71381A81-D1A5-42DC-BA3D-8DF6F4A099A0}.Debug|Any CPU.Build.0 = Debug|Any CPU
		{71381A81-D1A5-42DC-BA3D-8DF6F4A099A0}.Release|Any CPU.ActiveCfg = Release|Any CPU
		{71381A81-D1A5-42DC-BA3D-8DF6F4A099A0}.Release|Any CPU.Build.0 = Release|Any CPU
	EndGlobalSection
	GlobalSection(SolutionProperties) = preSolution
		HideSolutionNode = FALSE
	EndGlobalSection
	GlobalSection(ExtensibilityGlobals) = postSolution
		SolutionGuid = {963FBF76-23FC-4A6F-96CF-A44B47A324A1}
	EndGlobalSection
EndGlobal
